// !$*UTF8*$!
{
	archiveVersion = 1;
	classes = {
	};
	objectVersion = 46;
	objects = {

/* Begin PBXBuildFile section */
		3D33CA131E7216950001F2E0 /* AppDelegate.swift in Sources */ = {isa = PBXBuildFile; fileRef = 3D33CA121E7216950001F2E0 /* AppDelegate.swift */; };
		3D33CA151E7216950001F2E0 /* ViewController.swift in Sources */ = {isa = PBXBuildFile; fileRef = 3D33CA141E7216950001F2E0 /* ViewController.swift */; };
		3D33CA171E7216950001F2E0 /* Document.swift in Sources */ = {isa = PBXBuildFile; fileRef = 3D33CA161E7216950001F2E0 /* Document.swift */; };
		3D33CA191E7216960001F2E0 /* Assets.xcassets in Resources */ = {isa = PBXBuildFile; fileRef = 3D33CA181E7216960001F2E0 /* Assets.xcassets */; };
		3D33CA1C1E7216970001F2E0 /* Main.storyboard in Resources */ = {isa = PBXBuildFile; fileRef = 3D33CA1A1E7216970001F2E0 /* Main.storyboard */; };
		3D33CA241E7220E60001F2E0 /* Markdown.swift in Sources */ = {isa = PBXBuildFile; fileRef = 3D33CA231E7220E60001F2E0 /* Markdown.swift */; };
		3D33CA271E7224260001F2E0 /* template.html in Resources */ = {isa = PBXBuildFile; fileRef = 3D33CA261E7224260001F2E0 /* template.html */; };
		3D33CA2B1E72375D0001F2E0 /* sample.html in Resources */ = {isa = PBXBuildFile; fileRef = 3D33CA2A1E72375D0001F2E0 /* sample.html */; };
/* End PBXBuildFile section */

/* Begin PBXFileReference section */
		3D33CA0F1E7216940001F2E0 /* MarkdownEditor.app */ = {isa = PBXFileReference; explicitFileType = wrapper.application; includeInIndex = 0; path = MarkdownEditor.app; sourceTree = BUILT_PRODUCTS_DIR; };
		3D33CA121E7216950001F2E0 /* AppDelegate.swift */ = {isa = PBXFileReference; lastKnownFileType = sourcecode.swift; path = AppDelegate.swift; sourceTree = "<group>"; };
		3D33CA141E7216950001F2E0 /* ViewController.swift */ = {isa = PBXFileReference; lastKnownFileType = sourcecode.swift; path = ViewController.swift; sourceTree = "<group>"; wrapsLines = 0; };
		3D33CA161E7216950001F2E0 /* Document.swift */ = {isa = PBXFileReference; lastKnownFileType = sourcecode.swift; path = Document.swift; sourceTree = "<group>"; };
		3D33CA181E7216960001F2E0 /* Assets.xcassets */ = {isa = PBXFileReference; lastKnownFileType = folder.assetcatalog; path = Assets.xcassets; sourceTree = "<group>"; };
		3D33CA1B1E7216970001F2E0 /* Base */ = {isa = PBXFileReference; lastKnownFileType = file.storyboard; name = Base; path = Base.lproj/Main.storyboard; sourceTree = "<group>"; };
		3D33CA1D1E7216970001F2E0 /* Info.plist */ = {isa = PBXFileReference; lastKnownFileType = text.plist.xml; path = Info.plist; sourceTree = "<group>"; };
		3D33CA231E7220E60001F2E0 /* Markdown.swift */ = {isa = PBXFileReference; fileEncoding = 4; lastKnownFileType = sourcecode.swift; path = Markdown.swift; sourceTree = "<group>"; };
		3D33CA251E7222E20001F2E0 /* Todo.txt */ = {isa = PBXFileReference; lastKnownFileType = text; path = Todo.txt; sourceTree = "<group>"; };
		3D33CA261E7224260001F2E0 /* template.html */ = {isa = PBXFileReference; fileEncoding = 4; lastKnownFileType = text.html; path = template.html; sourceTree = "<group>"; wrapsLines = 0; };
		3D33CA2A1E72375D0001F2E0 /* sample.html */ = {isa = PBXFileReference; fileEncoding = 4; lastKnownFileType = text.html; path = sample.html; sourceTree = "<group>"; };
/* End PBXFileReference section */

/* Begin PBXFrameworksBuildPhase section */
		3D33CA0C1E72168A0001F2E0 /* Frameworks */ = {
			isa = PBXFrameworksBuildPhase;
			buildActionMask = 2147483647;
			files = (
			);
			runOnlyForDeploymentPostprocessing = 0;
		};
/* End PBXFrameworksBuildPhase section */

/* Begin PBXGroup section */
		3D33CA061E7216880001F2E0 = {
			isa = PBXGroup;
			children = (
				3D33CA251E7222E20001F2E0 /* Todo.txt */,
				3D33CA111E7216940001F2E0 /* MarkdownEditor */,
				3D33CA101E7216940001F2E0 /* Products */,
			);
			sourceTree = "<group>";
		};
		3D33CA101E7216940001F2E0 /* Products */ = {
			isa = PBXGroup;
			children = (
				3D33CA0F1E7216940001F2E0 /* MarkdownEditor.app */,
			);
			name = Products;
			sourceTree = "<group>";
		};
		3D33CA111E7216940001F2E0 /* MarkdownEditor */ = {
			isa = PBXGroup;
			children = (
				3D33CA1D1E7216970001F2E0 /* Info.plist */,
				3D33CA121E7216950001F2E0 /* AppDelegate.swift */,
				3D33CA141E7216950001F2E0 /* ViewController.swift */,
				3D33CA161E7216950001F2E0 /* Document.swift */,
				3D33CA231E7220E60001F2E0 /* Markdown.swift */,
				3D33CA1A1E7216970001F2E0 /* Main.storyboard */,
				3D33CA181E7216960001F2E0 /* Assets.xcassets */,
				3D33CA261E7224260001F2E0 /* template.html */,
				3D33CA2A1E72375D0001F2E0 /* sample.html */,
			);
			path = MarkdownEditor;
			sourceTree = "<group>";
		};
/* End PBXGroup section */

/* Begin PBXNativeTarget section */
		3D33CA0E1E72168A0001F2E0 /* MarkdownEditor */ = {
			isa = PBXNativeTarget;
			buildConfigurationList = 3D33CA201E7216970001F2E0 /* Build configuration list for PBXNativeTarget "MarkdownEditor" */;
			buildPhases = (
				3D33CA0B1E72168A0001F2E0 /* Sources */,
				3D33CA0C1E72168A0001F2E0 /* Frameworks */,
				3D33CA0D1E72168A0001F2E0 /* Resources */,
			);
			buildRules = (
			);
			dependencies = (
			);
			name = MarkdownEditor;
			productName = MarkdownEditor;
			productReference = 3D33CA0F1E7216940001F2E0 /* MarkdownEditor.app */;
			productType = "com.apple.product-type.application";
		};
/* End PBXNativeTarget section */

/* Begin PBXProject section */
		3D33CA071E7216880001F2E0 /* Project object */ = {
			isa = PBXProject;
			attributes = {
				LastSwiftUpdateCheck = 0800;
				LastUpgradeCheck = 0800;
				ORGANIZATIONNAME = Armonia;
				TargetAttributes = {
					3D33CA0E1E72168A0001F2E0 = {
						CreatedOnToolsVersion = 8.0;
						DevelopmentTeam = 5F3M8Z38CD;
						ProvisioningStyle = Automatic;
					};
				};
			};
			buildConfigurationList = 3D33CA0A1E7216880001F2E0 /* Build configuration list for PBXProject "MarkdownEditor" */;
			compatibilityVersion = "Xcode 3.2";
			developmentRegion = English;
			hasScannedForEncodings = 0;
			knownRegions = (
				en,
				Base,
			);
			mainGroup = 3D33CA061E7216880001F2E0;
			productRefGroup = 3D33CA101E7216940001F2E0 /* Products */;
			projectDirPath = "";
			projectRoot = "";
			targets = (
				3D33CA0E1E72168A0001F2E0 /* MarkdownEditor */,
			);
		};
/* End PBXProject section */

/* Begin PBXResourcesBuildPhase section */
		3D33CA0D1E72168A0001F2E0 /* Resources */ = {
			isa = PBXResourcesBuildPhase;
			buildActionMask = 2147483647;
			files = (
				3D33CA2B1E72375D0001F2E0 /* sample.html in Resources */,
				3D33CA191E7216960001F2E0 /* Assets.xcassets in Resources */,
				3D33CA271E7224260001F2E0 /* template.html in Resources */,
				3D33CA1C1E7216970001F2E0 /* Main.storyboard in Resources */,
			);
			runOnlyForDeploymentPostprocessing = 0;
		};
/* End PBXResourcesBuildPhase section */

/* Begin PBXSourcesBuildPhase section */
		3D33CA0B1E72168A0001F2E0 /* Sources */ = {
			isa = PBXSourcesBuildPhase;
			buildActionMask = 2147483647;
			files = (
				3D33CA241E7220E60001F2E0 /* Markdown.swift in Sources */,
				3D33CA151E7216950001F2E0 /* ViewController.swift in Sources */,
				3D33CA131E7216950001F2E0 /* AppDelegate.swift in Sources */,
				3D33CA171E7216950001F2E0 /* Document.swift in Sources */,
			);
			runOnlyForDeploymentPostprocessing = 0;
		};
/* End PBXSourcesBuildPhase section */

/* Begin PBXVariantGroup section */
		3D33CA1A1E7216970001F2E0 /* Main.storyboard */ = {
			isa = PBXVariantGroup;
			children = (
				3D33CA1B1E7216970001F2E0 /* Base */,
			);
			name = Main.storyboard;
			sourceTree = "<group>";
		};
/* End PBXVariantGroup section */

/* Begin XCBuildConfiguration section */
		3D33CA1E1E7216970001F2E0 /* Debug */ = {
			isa = XCBuildConfiguration;
			buildSettings = {
				ALWAYS_SEARCH_USER_PATHS = NO;
				CLANG_ANALYZER_NONNULL = YES;
				CLANG_CXX_LANGUAGE_STANDARD = "gnu++0x";
				CLANG_CXX_LIBRARY = "libc++";
				CLANG_ENABLE_MODULES = YES;
				CLANG_ENABLE_OBJC_ARC = YES;
				CLANG_WARN_BOOL_CONVERSION = YES;
				CLANG_WARN_CONSTANT_CONVERSION = YES;
				CLANG_WARN_DIRECT_OBJC_ISA_USAGE = YES_ERROR;
				CLANG_WARN_DOCUMENTATION_COMMENTS = YES;
				CLANG_WARN_EMPTY_BODY = YES;
				CLANG_WARN_ENUM_CONVERSION = YES;
				CLANG_WARN_INFINITE_RECURSION = YES;
				CLANG_WARN_INT_CONVERSION = YES;
				CLANG_WARN_OBJC_ROOT_CLASS = YES_ERROR;
				CLANG_WARN_SUSPICIOUS_MOVES = YES;
				CLANG_WARN_UNREACHABLE_CODE = YES;
				CLANG_WARN__DUPLICATE_METHOD_MATCH = YES;
				CODE_SIGN_IDENTITY = "-";
				COPY_PHASE_STRIP = NO;
				DEBUG_INFORMATION_FORMAT = dwarf;
				ENABLE_STRICT_OBJC_MSGSEND = YES;
				ENABLE_TESTABILITY = YES;
				GCC_C_LANGUAGE_STANDARD = gnu99;
				GCC_DYNAMIC_NO_PIC = NO;
				GCC_NO_COMMON_BLOCKS = YES;
				GCC_OPTIMIZATION_LEVEL = 0;
				GCC_PREPROCESSOR_DEFINITIONS = (
					"DEBUG=1",
					"$(inherited)",
				);
				GCC_WARN_64_TO_32_BIT_CONVERSION = YES;
				GCC_WARN_ABOUT_RETURN_TYPE = YES_ERROR;
				GCC_WARN_UNDECLARED_SELECTOR = YES;
				GCC_WARN_UNINITIALIZED_AUTOS = YES_AGGRESSIVE;
				GCC_WARN_UNUSED_FUNCTION = YES;
				GCC_WARN_UNUSED_VARIABLE = YES;
				MACOSX_DEPLOYMENT_TARGET = 10.12;
				MTL_ENABLE_DEBUG_INFO = YES;
				ONLY_ACTIVE_ARCH = YES;
				SDKROOT = macosx;
				SWIFT_ACTIVE_COMPILATION_CONDITIONS = DEBUG;
				SWIFT_OPTIMIZATION_LEVEL = "-Onone";
			};
			name = Debug;
		};
		3D33CA1F1E7216970001F2E0 /* Release */ = {
			isa = XCBuildConfiguration;
			buildSettings = {
				ALWAYS_SEARCH_USER_PATHS = NO;
				CLANG_ANALYZER_NONNULL = YES;
				CLANG_CXX_LANGUAGE_STANDARD = "gnu++0x";
				CLANG_CXX_LIBRARY = "libc++";
				CLANG_ENABLE_MODULES = YES;
				CLANG_ENABLE_OBJC_ARC = YES;
				CLANG_WARN_BOOL_CONVERSION = YES;
				CLANG_WARN_CONSTANT_CONVERSION = YES;
				CLANG_WARN_DIRECT_OBJC_ISA_USAGE = YES_ERROR;
				CLANG_WARN_DOCUMENTATION_COMMENTS = YES;
				CLANG_WARN_EMPTY_BODY = YES;
				CLANG_WARN_ENUM_CONVERSION = YES;
				CLANG_WARN_INFINITE_RECURSION = YES;
				CLANG_WARN_INT_CONVERSION = YES;
				CLANG_WARN_OBJC_ROOT_CLASS = YES_ERROR;
				CLANG_WARN_SUSPICIOUS_MOVES = YES;
				CLANG_WARN_UNREACHABLE_CODE = YES;
				CLANG_WARN__DUPLICATE_METHOD_MATCH = YES;
				CODE_SIGN_IDENTITY = "-";
				COPY_PHASE_STRIP = NO;
				DEBUG_INFORMATION_FORMAT = "dwarf-with-dsym";
				ENABLE_NS_ASSERTIONS = NO;
				ENABLE_STRICT_OBJC_MSGSEND = YES;
				GCC_C_LANGUAGE_STANDARD = gnu99;
				GCC_NO_COMMON_BLOCKS = YES;
				GCC_WARN_64_TO_32_BIT_CONVERSION = YES;
				GCC_WARN_ABOUT_RETURN_TYPE = YES_ERROR;
				GCC_WARN_UNDECLARED_SELECTOR = YES;
				GCC_WARN_UNINITIALIZED_AUTOS = YES_AGGRESSIVE;
				GCC_WARN_UNUSED_FUNCTION = YES;
				GCC_WARN_UNUSED_VARIABLE = YES;
				MACOSX_DEPLOYMENT_TARGET = 10.12;
				MTL_ENABLE_DEBUG_INFO = NO;
				SDKROOT = macosx;
				SWIFT_OPTIMIZATION_LEVEL = "-Owholemodule";
			};
			name = Release;
		};
		3D33CA211E7216970001F2E0 /* Debug */ = {
			isa = XCBuildConfiguration;
			buildSettings = {
				ASSETCATALOG_COMPILER_APPICON_NAME = AppIcon;
				COMBINE_HIDPI_IMAGES = YES;
				DEVELOPMENT_TEAM = 5F3M8Z38CD;
				INFOPLIST_FILE = MarkdownEditor/Info.plist;
				LD_RUNPATH_SEARCH_PATHS = "$(inherited) @executable_path/../Frameworks";
				PRODUCT_BUNDLE_IDENTIFIER = Armonia.MarkdownEditor;
				PRODUCT_NAME = "$(TARGET_NAME)";
				SWIFT_VERSION = 3.0;
			};
			name = Debug;
		};
		3D33CA221E7216970001F2E0 /* Release */ = {
			isa = XCBuildConfiguration;
			buildSettings = {
				ASSETCATALOG_COMPILER_APPICON_NAME = AppIcon;
				COMBINE_HIDPI_IMAGES = YES;
				DEVELOPMENT_TEAM = 5F3M8Z38CD;
				INFOPLIST_FILE = MarkdownEditor/Info.plist;
				LD_RUNPATH_SEARCH_PATHS = "$(inherited) @executable_path/../Frameworks";
				PRODUCT_BUNDLE_IDENTIFIER = Armonia.MarkdownEditor;
				PRODUCT_NAME = "$(TARGET_NAME)";
				SWIFT_VERSION = 3.0;
			};
			name = Release;
		};
/* End XCBuildConfiguration section */

/* Begin XCConfigurationList section */
		3D33CA0A1E7216880001F2E0 /* Build configuration list for PBXProject "MarkdownEditor" */ = {
			isa = XCConfigurationList;
			buildConfigurations = (
				3D33CA1E1E7216970001F2E0 /* Debug */,
				3D33CA1F1E7216970001F2E0 /* Release */,
			);
			defaultConfigurationIsVisible = 0;
			defaultConfigurationName = Release;
		};
		3D33CA201E7216970001F2E0 /* Build configuration list for PBXNativeTarget "MarkdownEditor" */ = {
			isa = XCConfigurationList;
			buildConfigurations = (
				3D33CA211E7216970001F2E0 /* Debug */,
				3D33CA221E7216970001F2E0 /* Release */,
			);
			defaultConfigurationIsVisible = 0;
			defaultConfigurationName = Release;
		};
/* End XCConfigurationList section */
	};
	rootObject = 3D33CA071E7216880001F2E0 /* Project object */;
}
